
Microsoft Visual Studio Solution File, Format Version 12.00
# Visual Studio Version 17
VisualStudioVersion = 17.8.34330.188
MinimumVisualStudioVersion = 10.0.40219.1
Project("{FAE04EC0-301F-11D3-BF4B-00C04F79EFBC}") = "CodeSnippetAPI", "CodeSnippetAPI.csproj", "{DACC3F2A-A0D9-481F-8D4A-024FAF3CF4D3}"
EndProject
Global
	GlobalSection(SolutionConfigurationPlatforms) = preSolution
		Debug|Any CPU = Debug|Any CPU
		Release|Any CPU = Release|Any CPU
	EndGlobalSection
	GlobalSection(ProjectConfigurationPlatforms) = postSolution
		{DACC3F2A-A0D9-481F-8D4A-024FAF3CF4D3}.Debug|Any CPU.ActiveCfg = Debug|Any CPU
		{DACC3F2A-A0D9-481F-8D4A-024FAF3CF4D3}.Debug|Any CPU.Build.0 = Debug|Any CPU
		{DACC3F2A-A0D9-481F-8D4A-024FAF3CF4D3}.Release|Any CPU.ActiveCfg = Release|Any CPU
		{DACC3F2A-A0D9-481F-8D4A-024FAF3CF4D3}.Release|Any CPU.Build.0 = Release|Any CPU
	EndGlobalSection
	GlobalSection(SolutionProperties) = preSolution
		HideSolutionNode = FALSE
	EndGlobalSection
	GlobalSection(ExtensibilityGlobals) = postSolution
		SolutionGuid = {ED1E14A5-B70C-4198-8653-F3CB82F32C2C}
	EndGlobalSection
EndGlobal
